// !$*UTF8*$!
{
	archiveVersion = 1;
	classes = {
	};
	objectVersion = 46;
	objects = {

/* Begin PBXBuildFile section */
		4216D3F81D87EF0500C0D1B6 /* Charts.framework in Copy Files */ = {isa = PBXBuildFile; fileRef = 427BE1521D8657470087076B /* Charts.framework */; };
		4260D6561B21F7A400A894EE /* EUExChartManager.m in Sources */ = {isa = PBXBuildFile; fileRef = 4260D6551B21F7A400A894EE /* EUExChartManager.m */; };
		4260D65A1B22039200A894EE /* BarChartModel.m in Sources */ = {isa = PBXBuildFile; fileRef = 4260D6591B22039200A894EE /* BarChartModel.m */; };
		4260D6631B22048300A894EE /* LineChartModel.m in Sources */ = {isa = PBXBuildFile; fileRef = 4260D6621B22048300A894EE /* LineChartModel.m */; };
		427BE1531D8657470087076B /* Charts.framework in Frameworks */ = {isa = PBXBuildFile; fileRef = 427BE1521D8657470087076B /* Charts.framework */; };
		C6099B671B16C5F000DC160A /* PieChartModel.m in Sources */ = {isa = PBXBuildFile; fileRef = C6099B661B16C5F000DC160A /* PieChartModel.m */; };
		C64D82381B15CBDE00DF2105 /* UIKit.framework in Frameworks */ = {isa = PBXBuildFile; fileRef = C64D82371B15CBDE00DF2105 /* UIKit.framework */; };
		C64D823A1B15CC1700DF2105 /* CoreGraphics.framework in Frameworks */ = {isa = PBXBuildFile; fileRef = C64D82391B15CC1700DF2105 /* CoreGraphics.framework */; };
		C6567EF81B157BF9003AB65E /* EUExChart.m in Sources */ = {isa = PBXBuildFile; fileRef = C6567EF71B157BF9003AB65E /* EUExChart.m */; };
		C6740B8F1B16E62A001CF948 /* ChartModelBase.m in Sources */ = {isa = PBXBuildFile; fileRef = C6740B8E1B16E62A001CF948 /* ChartModelBase.m */; };
		C684C0871B1815F400469ADF /* ChartModelItem.m in Sources */ = {isa = PBXBuildFile; fileRef = C684C0861B1815F400469ADF /* ChartModelItem.m */; };
/* End PBXBuildFile section */

/* Begin PBXCopyFilesBuildPhase section */
		C6567ED61B15795D003AB65E /* Copy Files */ = {
			isa = PBXCopyFilesBuildPhase;
			buildActionMask = 2147483647;
			dstPath = embed;
			dstSubfolderSpec = 16;
			files = (
				4216D3F81D87EF0500C0D1B6 /* Charts.framework in Copy Files */,
			);
			name = "Copy Files";
			runOnlyForDeploymentPostprocessing = 0;
		};
/* End PBXCopyFilesBuildPhase section */

/* Begin PBXFileReference section */
		4260D6541B21F7A400A894EE /* EUExChartManager.h */ = {isa = PBXFileReference; fileEncoding = 4; lastKnownFileType = sourcecode.c.h; path = EUExChartManager.h; sourceTree = "<group>"; };
		4260D6551B21F7A400A894EE /* EUExChartManager.m */ = {isa = PBXFileReference; fileEncoding = 4; lastKnownFileType = sourcecode.c.objc; path = EUExChartManager.m; sourceTree = "<group>"; };
		4260D6581B22039200A894EE /* BarChartModel.h */ = {isa = PBXFileReference; fileEncoding = 4; lastKnownFileType = sourcecode.c.h; path = BarChartModel.h; sourceTree = "<group>"; };
		4260D6591B22039200A894EE /* BarChartModel.m */ = {isa = PBXFileReference; fileEncoding = 4; lastKnownFileType = sourcecode.c.objc; path = BarChartModel.m; sourceTree = "<group>"; };
		4260D6611B22048300A894EE /* LineChartModel.h */ = {isa = PBXFileReference; fileEncoding = 4; lastKnownFileType = sourcecode.c.h; path = LineChartModel.h; sourceTree = "<group>"; };
		4260D6621B22048300A894EE /* LineChartModel.m */ = {isa = PBXFileReference; fileEncoding = 4; lastKnownFileType = sourcecode.c.objc; path = LineChartModel.m; sourceTree = "<group>"; };
		427BE1521D8657470087076B /* Charts.framework */ = {isa = PBXFileReference; lastKnownFileType = wrapper.framework; path = Charts.framework; sourceTree = "<group>"; };
		C6099B651B16C5F000DC160A /* PieChartModel.h */ = {isa = PBXFileReference; fileEncoding = 4; lastKnownFileType = sourcecode.c.h; path = PieChartModel.h; sourceTree = "<group>"; };
		C6099B661B16C5F000DC160A /* PieChartModel.m */ = {isa = PBXFileReference; fileEncoding = 4; lastKnownFileType = sourcecode.c.objc; path = PieChartModel.m; sourceTree = "<group>"; };
		C6099B681B16C67800DC160A /* EUExChartModels.h */ = {isa = PBXFileReference; fileEncoding = 4; lastKnownFileType = sourcecode.c.h; path = EUExChartModels.h; sourceTree = "<group>"; };
		C6099B691B16CA7000DC160A /* EUExChart_PrefixHeader.pch */ = {isa = PBXFileReference; fileEncoding = 4; lastKnownFileType = sourcecode.c.h; path = EUExChart_PrefixHeader.pch; sourceTree = "<group>"; };
		C64D82371B15CBDE00DF2105 /* UIKit.framework */ = {isa = PBXFileReference; lastKnownFileType = wrapper.framework; name = UIKit.framework; path = System/Library/Frameworks/UIKit.framework; sourceTree = SDKROOT; };
		C64D82391B15CC1700DF2105 /* CoreGraphics.framework */ = {isa = PBXFileReference; lastKnownFileType = wrapper.framework; name = CoreGraphics.framework; path = System/Library/Frameworks/CoreGraphics.framework; sourceTree = SDKROOT; };
		C6567ED81B15795D003AB65E /* libuexChart.a */ = {isa = PBXFileReference; explicitFileType = archive.ar; includeInIndex = 0; path = libuexChart.a; sourceTree = BUILT_PRODUCTS_DIR; };
		C6567EF61B157BF9003AB65E /* EUExChart.h */ = {isa = PBXFileReference; fileEncoding = 4; lastKnownFileType = sourcecode.c.h; path = EUExChart.h; sourceTree = "<group>"; };
		C6567EF71B157BF9003AB65E /* EUExChart.m */ = {isa = PBXFileReference; fileEncoding = 4; lastKnownFileType = sourcecode.c.objc; path = EUExChart.m; sourceTree = "<group>"; };
		C6567EF91B157C33003AB65E /* EBrowserView.h */ = {isa = PBXFileReference; fileEncoding = 4; lastKnownFileType = sourcecode.c.h; path = EBrowserView.h; sourceTree = "<group>"; };
		C6567EFA1B157C33003AB65E /* EUExBase.h */ = {isa = PBXFileReference; fileEncoding = 4; lastKnownFileType = sourcecode.c.h; path = EUExBase.h; sourceTree = "<group>"; };
		C6567EFB1B157C33003AB65E /* EUExBaseDefine.h */ = {isa = PBXFileReference; fileEncoding = 4; lastKnownFileType = sourcecode.c.h; path = EUExBaseDefine.h; sourceTree = "<group>"; };
		C6567EFC1B157C33003AB65E /* EUtility.h */ = {isa = PBXFileReference; fileEncoding = 4; lastKnownFileType = sourcecode.c.h; path = EUtility.h; sourceTree = "<group>"; };
		C6567EFD1B157C33003AB65E /* WidgetOneDelegate.h */ = {isa = PBXFileReference; fileEncoding = 4; lastKnownFileType = sourcecode.c.h; path = WidgetOneDelegate.h; sourceTree = "<group>"; };
		C6567F9C1B157DCE003AB65E /* JSON.h */ = {isa = PBXFileReference; fileEncoding = 4; lastKnownFileType = sourcecode.c.h; path = JSON.h; sourceTree = "<group>"; };
		C6567F9D1B157DCE003AB65E /* JSONParser.h */ = {isa = PBXFileReference; fileEncoding = 4; lastKnownFileType = sourcecode.c.h; path = JSONParser.h; sourceTree = "<group>"; };
		C6567F9E1B157DCE003AB65E /* NSObject+SBJSON.h */ = {isa = PBXFileReference; fileEncoding = 4; lastKnownFileType = sourcecode.c.h; path = "NSObject+SBJSON.h"; sourceTree = "<group>"; };
		C6567F9F1B157DCE003AB65E /* NSString+SBJSON.h */ = {isa = PBXFileReference; fileEncoding = 4; lastKnownFileType = sourcecode.c.h; path = "NSString+SBJSON.h"; sourceTree = "<group>"; };
		C6567FA01B157DCE003AB65E /* SBJSON.h */ = {isa = PBXFileReference; fileEncoding = 4; lastKnownFileType = sourcecode.c.h; path = SBJSON.h; sourceTree = "<group>"; };
		C6567FA11B157DCE003AB65E /* SBJsonBase.h */ = {isa = PBXFileReference; fileEncoding = 4; lastKnownFileType = sourcecode.c.h; path = SBJsonBase.h; sourceTree = "<group>"; };
		C6567FA21B157DCE003AB65E /* SBJsonParser.h */ = {isa = PBXFileReference; fileEncoding = 4; lastKnownFileType = sourcecode.c.h; path = SBJsonParser.h; sourceTree = "<group>"; };
		C6567FA31B157DCE003AB65E /* SBJsonWriter.h */ = {isa = PBXFileReference; fileEncoding = 4; lastKnownFileType = sourcecode.c.h; path = SBJsonWriter.h; sourceTree = "<group>"; };
		C6740B8D1B16E62A001CF948 /* ChartModelBase.h */ = {isa = PBXFileReference; fileEncoding = 4; lastKnownFileType = sourcecode.c.h; path = ChartModelBase.h; sourceTree = "<group>"; };
		C6740B8E1B16E62A001CF948 /* ChartModelBase.m */ = {isa = PBXFileReference; fileEncoding = 4; lastKnownFileType = sourcecode.c.objc; path = ChartModelBase.m; sourceTree = "<group>"; };
		C684C0851B1815F400469ADF /* ChartModelItem.h */ = {isa = PBXFileReference; fileEncoding = 4; lastKnownFileType = sourcecode.c.h; path = ChartModelItem.h; sourceTree = "<group>"; };
		C684C0861B1815F400469ADF /* ChartModelItem.m */ = {isa = PBXFileReference; fileEncoding = 4; lastKnownFileType = sourcecode.c.objc; path = ChartModelItem.m; sourceTree = "<group>"; };
/* End PBXFileReference section */

/* Begin PBXFrameworksBuildPhase section */
		C6567ED51B15795D003AB65E /* Frameworks */ = {
			isa = PBXFrameworksBuildPhase;
			buildActionMask = 2147483647;
			files = (
				427BE1531D8657470087076B /* Charts.framework in Frameworks */,
				C64D823A1B15CC1700DF2105 /* CoreGraphics.framework in Frameworks */,
				C64D82381B15CBDE00DF2105 /* UIKit.framework in Frameworks */,
			);
			runOnlyForDeploymentPostprocessing = 0;
		};
/* End PBXFrameworksBuildPhase section */

/* Begin PBXGroup section */
		C6099B631B16A93900DC160A /* Models */ = {
			isa = PBXGroup;
			children = (
				C6099B651B16C5F000DC160A /* PieChartModel.h */,
				C6099B661B16C5F000DC160A /* PieChartModel.m */,
				C6099B681B16C67800DC160A /* EUExChartModels.h */,
				C6740B8D1B16E62A001CF948 /* ChartModelBase.h */,
				C6740B8E1B16E62A001CF948 /* ChartModelBase.m */,
				C684C0851B1815F400469ADF /* ChartModelItem.h */,
				C684C0861B1815F400469ADF /* ChartModelItem.m */,
				4260D6581B22039200A894EE /* BarChartModel.h */,
				4260D6591B22039200A894EE /* BarChartModel.m */,
				4260D6611B22048300A894EE /* LineChartModel.h */,
				4260D6621B22048300A894EE /* LineChartModel.m */,
			);
			path = Models;
			sourceTree = "<group>";
		};
		C64D82361B15CBC400DF2105 /* Frameworks */ = {
			isa = PBXGroup;
			children = (
				C64D82391B15CC1700DF2105 /* CoreGraphics.framework */,
				C64D82371B15CBDE00DF2105 /* UIKit.framework */,
			);
			name = Frameworks;
			sourceTree = "<group>";
		};
		C6567ECF1B15795D003AB65E = {
			isa = PBXGroup;
			children = (
				C6567EDA1B15795D003AB65E /* EUExChart */,
				C64D82361B15CBC400DF2105 /* Frameworks */,
				C6567ED91B15795D003AB65E /* Products */,
			);
			sourceTree = "<group>";
		};
		C6567ED91B15795D003AB65E /* Products */ = {
			isa = PBXGroup;
			children = (
				C6567ED81B15795D003AB65E /* libuexChart.a */,
			);
			name = Products;
			sourceTree = "<group>";
		};
		C6567EDA1B15795D003AB65E /* EUExChart */ = {
			isa = PBXGroup;
			children = (
				C6567EF61B157BF9003AB65E /* EUExChart.h */,
				C6567EF71B157BF9003AB65E /* EUExChart.m */,
				C6567EF41B157BD5003AB65E /* engineHeader */,
				C6567EF51B157BD5003AB65E /* sourceCode */,
			);
			path = EUExChart;
			sourceTree = "<group>";
		};
		C6567EF41B157BD5003AB65E /* engineHeader */ = {
			isa = PBXGroup;
			children = (
				C6567EF91B157C33003AB65E /* EBrowserView.h */,
				C6567EFA1B157C33003AB65E /* EUExBase.h */,
				C6567EFB1B157C33003AB65E /* EUExBaseDefine.h */,
				C6567EFC1B157C33003AB65E /* EUtility.h */,
				C6567EFD1B157C33003AB65E /* WidgetOneDelegate.h */,
			);
			path = engineHeader;
			sourceTree = "<group>";
		};
		C6567EF51B157BD5003AB65E /* sourceCode */ = {
			isa = PBXGroup;
			children = (
				427BE1521D8657470087076B /* Charts.framework */,
				4260D6541B21F7A400A894EE /* EUExChartManager.h */,
				4260D6551B21F7A400A894EE /* EUExChartManager.m */,
				C6099B631B16A93900DC160A /* Models */,
				C6567F9B1B157DCE003AB65E /* JSON */,
				C6099B691B16CA7000DC160A /* EUExChart_PrefixHeader.pch */,
			);
			path = sourceCode;
			sourceTree = "<group>";
		};
		C6567F9B1B157DCE003AB65E /* JSON */ = {
			isa = PBXGroup;
			children = (
				C6567F9C1B157DCE003AB65E /* JSON.h */,
				C6567F9D1B157DCE003AB65E /* JSONParser.h */,
				C6567F9E1B157DCE003AB65E /* NSObject+SBJSON.h */,
				C6567F9F1B157DCE003AB65E /* NSString+SBJSON.h */,
				C6567FA01B157DCE003AB65E /* SBJSON.h */,
				C6567FA11B157DCE003AB65E /* SBJsonBase.h */,
				C6567FA21B157DCE003AB65E /* SBJsonParser.h */,
				C6567FA31B157DCE003AB65E /* SBJsonWriter.h */,
			);
			path = JSON;
			sourceTree = "<group>";
		};
/* End PBXGroup section */

/* Begin PBXNativeTarget section */
		C6567ED71B15795D003AB65E /* EUExChart */ = {
			isa = PBXNativeTarget;
			buildConfigurationList = C6567EEC1B15795D003AB65E /* Build configuration list for PBXNativeTarget "EUExChart" */;
			buildPhases = (
				C6567ED41B15795D003AB65E /* Sources */,
				C6567ED51B15795D003AB65E /* Frameworks */,
				C6567ED61B15795D003AB65E /* Copy Files */,
			);
			buildRules = (
			);
			dependencies = (
			);
			name = EUExChart;
			productName = EUExChart;
			productReference = C6567ED81B15795D003AB65E /* libuexChart.a */;
			productType = "com.apple.product-type.library.static";
		};
/* End PBXNativeTarget section */

/* Begin PBXProject section */
		C6567ED01B15795D003AB65E /* Project object */ = {
			isa = PBXProject;
			attributes = {
				LastUpgradeCheck = 0730;
				ORGANIZATIONNAME = AppCan;
				TargetAttributes = {
					C6567ED71B15795D003AB65E = {
						CreatedOnToolsVersion = 6.3.1;
					};
				};
			};
			buildConfigurationList = C6567ED31B15795D003AB65E /* Build configuration list for PBXProject "EUExChart" */;
			compatibilityVersion = "Xcode 3.2";
			developmentRegion = English;
			hasScannedForEncodings = 0;
			knownRegions = (
				en,
			);
			mainGroup = C6567ECF1B15795D003AB65E;
			productRefGroup = C6567ED91B15795D003AB65E /* Products */;
			projectDirPath = "";
			projectRoot = "";
			targets = (
				C6567ED71B15795D003AB65E /* EUExChart */,
			);
		};
/* End PBXProject section */

/* Begin PBXSourcesBuildPhase section */
		C6567ED41B15795D003AB65E /* Sources */ = {
			isa = PBXSourcesBuildPhase;
			buildActionMask = 2147483647;
			files = (
				4260D65A1B22039200A894EE /* BarChartModel.m in Sources */,
				C684C0871B1815F400469ADF /* ChartModelItem.m in Sources */,
				C6740B8F1B16E62A001CF948 /* ChartModelBase.m in Sources */,
				C6567EF81B157BF9003AB65E /* EUExChart.m in Sources */,
				C6099B671B16C5F000DC160A /* PieChartModel.m in Sources */,
				4260D6631B22048300A894EE /* LineChartModel.m in Sources */,
				4260D6561B21F7A400A894EE /* EUExChartManager.m in Sources */,
			);
			runOnlyForDeploymentPostprocessing = 0;
		};
/* End PBXSourcesBuildPhase section */

/* Begin XCBuildConfiguration section */
		C6567EEA1B15795D003AB65E /* Debug */ = {
			isa = XCBuildConfiguration;
			buildSettings = {
				ALWAYS_SEARCH_USER_PATHS = NO;
				CLANG_CXX_LANGUAGE_STANDARD = "gnu++0x";
				CLANG_CXX_LIBRARY = "libc++";
				CLANG_ENABLE_MODULES = YES;
				CLANG_ENABLE_OBJC_ARC = YES;
				CLANG_WARN_BOOL_CONVERSION = YES;
				CLANG_WARN_CONSTANT_CONVERSION = YES;
				CLANG_WARN_DIRECT_OBJC_ISA_USAGE = YES_ERROR;
				CLANG_WARN_EMPTY_BODY = YES;
				CLANG_WARN_ENUM_CONVERSION = YES;
				CLANG_WARN_INT_CONVERSION = YES;
				CLANG_WARN_OBJC_ROOT_CLASS = YES_ERROR;
				CLANG_WARN_UNREACHABLE_CODE = YES;
				CLANG_WARN__DUPLICATE_METHOD_MATCH = YES;
				COPY_PHASE_STRIP = NO;
				DEBUG_INFORMATION_FORMAT = "dwarf-with-dsym";
				ENABLE_STRICT_OBJC_MSGSEND = YES;
				GCC_C_LANGUAGE_STANDARD = gnu99;
				GCC_DYNAMIC_NO_PIC = NO;
				GCC_NO_COMMON_BLOCKS = YES;
				GCC_OPTIMIZATION_LEVEL = 0;
				GCC_PREPROCESSOR_DEFINITIONS = (
					"DEBUG=1",
					"$(inherited)",
				);
				GCC_SYMBOLS_PRIVATE_EXTERN = NO;
				GCC_WARN_64_TO_32_BIT_CONVERSION = YES;
				GCC_WARN_ABOUT_RETURN_TYPE = YES_ERROR;
				GCC_WARN_UNDECLARED_SELECTOR = YES;
				GCC_WARN_UNINITIALIZED_AUTOS = YES_AGGRESSIVE;
				GCC_WARN_UNUSED_FUNCTION = YES;
				GCC_WARN_UNUSED_VARIABLE = YES;
				IPHONEOS_DEPLOYMENT_TARGET = 7.0;
				MTL_ENABLE_DEBUG_INFO = YES;
				ONLY_ACTIVE_ARCH = YES;
				SDKROOT = iphoneos;
			};
			name = Debug;
		};
		C6567EEB1B15795D003AB65E /* Release */ = {
			isa = XCBuildConfiguration;
			buildSettings = {
				ALWAYS_SEARCH_USER_PATHS = NO;
				CLANG_CXX_LANGUAGE_STANDARD = "gnu++0x";
				CLANG_CXX_LIBRARY = "libc++";
				CLANG_ENABLE_MODULES = YES;
				CLANG_ENABLE_OBJC_ARC = YES;
				CLANG_WARN_BOOL_CONVERSION = YES;
				CLANG_WARN_CONSTANT_CONVERSION = YES;
				CLANG_WARN_DIRECT_OBJC_ISA_USAGE = YES_ERROR;
				CLANG_WARN_EMPTY_BODY = YES;
				CLANG_WARN_ENUM_CONVERSION = YES;
				CLANG_WARN_INT_CONVERSION = YES;
				CLANG_WARN_OBJC_ROOT_CLASS = YES_ERROR;
				CLANG_WARN_UNREACHABLE_CODE = YES;
				CLANG_WARN__DUPLICATE_METHOD_MATCH = YES;
				COPY_PHASE_STRIP = NO;
				DEBUG_INFORMATION_FORMAT = "dwarf-with-dsym";
				ENABLE_NS_ASSERTIONS = NO;
				ENABLE_STRICT_OBJC_MSGSEND = YES;
				GCC_C_LANGUAGE_STANDARD = gnu99;
				GCC_NO_COMMON_BLOCKS = YES;
				GCC_WARN_64_TO_32_BIT_CONVERSION = YES;
				GCC_WARN_ABOUT_RETURN_TYPE = YES_ERROR;
				GCC_WARN_UNDECLARED_SELECTOR = YES;
				GCC_WARN_UNINITIALIZED_AUTOS = YES_AGGRESSIVE;
				GCC_WARN_UNUSED_FUNCTION = YES;
				GCC_WARN_UNUSED_VARIABLE = YES;
				IPHONEOS_DEPLOYMENT_TARGET = 7.0;
				MTL_ENABLE_DEBUG_INFO = NO;
				SDKROOT = iphoneos;
				VALIDATE_PRODUCT = YES;
			};
			name = Release;
		};
		C6567EED1B15795D003AB65E /* Debug */ = {
			isa = XCBuildConfiguration;
			buildSettings = {
				CLANG_ENABLE_OBJC_ARC = YES;
				CONFIGURATION_BUILD_DIR = $SRCROOT/uexChart;
				FRAMEWORK_SEARCH_PATHS = (
					"$(inherited)",
					"$(PROJECT_DIR)",
					"$(PROJECT_DIR)/EUExChart/sourceCode",
				);
				GCC_PRECOMPILE_PREFIX_HEADER = YES;
				GCC_PREFIX_HEADER = $SRCROOT/EUExChart/sourceCode/EUExChart_PrefixHeader.pch;
				IPHONEOS_DEPLOYMENT_TARGET = 8.0;
				ONLY_ACTIVE_ARCH = NO;
				OTHER_LDFLAGS = "-ObjC";
				PRODUCT_MODULE_NAME = uexChart;
				PRODUCT_NAME = uexChart;
				SKIP_INSTALL = YES;
			};
			name = Debug;
		};
		C6567EEE1B15795D003AB65E /* Release */ = {
			isa = XCBuildConfiguration;
			buildSettings = {
				CLANG_ENABLE_OBJC_ARC = YES;
				CONFIGURATION_BUILD_DIR = $SRCROOT/uexChart;
				FRAMEWORK_SEARCH_PATHS = (
					"$(inherited)",
					"$(PROJECT_DIR)",
					"$(PROJECT_DIR)/EUExChart/sourceCode",
				);
				GCC_PRECOMPILE_PREFIX_HEADER = YES;
				GCC_PREFIX_HEADER = $SRCROOT/EUExChart/sourceCode/EUExChart_PrefixHeader.pch;
				IPHONEOS_DEPLOYMENT_TARGET = 8.0;
				ONLY_ACTIVE_ARCH = NO;
				OTHER_LDFLAGS = "-ObjC";
				PRODUCT_MODULE_NAME = uexChart;
				PRODUCT_NAME = uexChart;
				SKIP_INSTALL = YES;
			};
			name = Release;
		};
/* End XCBuildConfiguration section */

/* Begin XCConfigurationList section */
		C6567ED31B15795D003AB65E /* Build configuration list for PBXProject "EUExChart" */ = {
			isa = XCConfigurationList;
			buildConfigurations = (
				C6567EEA1B15795D003AB65E /* Debug */,
				C6567EEB1B15795D003AB65E /* Release */,
			);
			defaultConfigurationIsVisible = 0;
			defaultConfigurationName = Release;
		};
		C6567EEC1B15795D003AB65E /* Build configuration list for PBXNativeTarget "EUExChart" */ = {
			isa = XCConfigurationList;
			buildConfigurations = (
				C6567EED1B15795D003AB65E /* Debug */,
				C6567EEE1B15795D003AB65E /* Release */,
			);
			defaultConfigurationIsVisible = 0;
			defaultConfigurationName = Release;
		};
/* End XCConfigurationList section */
	};
	rootObject = C6567ED01B15795D003AB65E /* Project object */;
}
